
Microsoft Visual Studio Solution File, Format Version 12.00
# Visual Studio 15
Project("{FAE04EC0-301F-11D3-BF4B-00C04F79EFBC}") = "Assembly-CSharp", "Assembly-CSharp.csproj", "{8F5D0B71-F733-CD4F-80C3-B0D410A844BD}"
EndProject
Project("{FAE04EC0-301F-11D3-BF4B-00C04F79EFBC}") = "Assembly-CSharp-Editor", "Assembly-CSharp-Editor.csproj", "{E4CB2C14-019B-EA3D-32C3-DC06C3CC0531}"
EndProject
Global
	GlobalSection(SolutionConfigurationPlatforms) = preSolution
		Debug|Any CPU = Debug|Any CPU
		Release|Any CPU = Release|Any CPU
	EndGlobalSection
	GlobalSection(ProjectConfigurationPlatforms) = postSolution
		{8F5D0B71-F733-CD4F-80C3-B0D410A844BD}.Debug|Any CPU.ActiveCfg = Debug|Any CPU
		{8F5D0B71-F733-CD4F-80C3-B0D410A844BD}.Debug|Any CPU.Build.0 = Debug|Any CPU
		{8F5D0B71-F733-CD4F-80C3-B0D410A844BD}.Release|Any CPU.ActiveCfg = Release|Any CPU
		{8F5D0B71-F733-CD4F-80C3-B0D410A844BD}.Release|Any CPU.Build.0 = Release|Any CPU
		{E4CB2C14-019B-EA3D-32C3-DC06C3CC0531}.Debug|Any CPU.ActiveCfg = Debug|Any CPU
		{E4CB2C14-019B-EA3D-32C3-DC06C3CC0531}.Debug|Any CPU.Build.0 = Debug|Any CPU
		{E4CB2C14-019B-EA3D-32C3-DC06C3CC0531}.Release|Any CPU.ActiveCfg = Release|Any CPU
		{E4CB2C14-019B-EA3D-32C3-DC06C3CC0531}.Release|Any CPU.Build.0 = Release|Any CPU
	EndGlobalSection
	GlobalSection(SolutionProperties) = preSolution
		HideSolutionNode = FALSE
	EndGlobalSection
EndGlobal
